
Microsoft Visual Studio Solution File, Format Version 12.00
# Visual Studio 15
VisualStudioVersion = 15.0.28307.438
MinimumVisualStudioVersion = 10.0.40219.1
Project("{FAE04EC0-301F-11D3-BF4B-00C04F79EFBC}") = "Tarea11-3", "Tarea11-3\Tarea11-3.csproj", "{EC62AB22-72D7-4AE3-80EA-1AA2245C0767}"
EndProject
Global
	GlobalSection(SolutionConfigurationPlatforms) = preSolution
		Debug|Any CPU = Debug|Any CPU
		Release|Any CPU = Release|Any CPU
	EndGlobalSection
	GlobalSection(ProjectConfigurationPlatforms) = postSolution
		{EC62AB22-72D7-4AE3-80EA-1AA2245C0767}.Debug|Any CPU.ActiveCfg = Debug|Any CPU
		{EC62AB22-72D7-4AE3-80EA-1AA2245C0767}.Debug|Any CPU.Build.0 = Debug|Any CPU
		{EC62AB22-72D7-4AE3-80EA-1AA2245C0767}.Release|Any CPU.ActiveCfg = Release|Any CPU
		{EC62AB22-72D7-4AE3-80EA-1AA2245C0767}.Release|Any CPU.Build.0 = Release|Any CPU
	EndGlobalSection
	GlobalSection(SolutionProperties) = preSolution
		HideSolutionNode = FALSE
	EndGlobalSection
	GlobalSection(ExtensibilityGlobals) = postSolution
		SolutionGuid = {551A8DB4-FEA2-459F-A412-D90FFFAB88F1}
	EndGlobalSection
EndGlobal
