
Microsoft Visual Studio Solution File, Format Version 12.00
# Visual Studio 15
VisualStudioVersion = 15.0.28307.329
MinimumVisualStudioVersion = 10.0.40219.1
Project("{FAE04EC0-301F-11D3-BF4B-00C04F79EFBC}") = "ModeloTarea4", "ModeloTarea4\ModeloTarea4.csproj", "{C230C4FE-9F10-41BC-9EB3-8C67CD6A522D}"
EndProject
Global
	GlobalSection(SolutionConfigurationPlatforms) = preSolution
		Debug|Any CPU = Debug|Any CPU
		Release|Any CPU = Release|Any CPU
	EndGlobalSection
	GlobalSection(ProjectConfigurationPlatforms) = postSolution
		{C230C4FE-9F10-41BC-9EB3-8C67CD6A522D}.Debug|Any CPU.ActiveCfg = Debug|Any CPU
		{C230C4FE-9F10-41BC-9EB3-8C67CD6A522D}.Debug|Any CPU.Build.0 = Debug|Any CPU
		{C230C4FE-9F10-41BC-9EB3-8C67CD6A522D}.Release|Any CPU.ActiveCfg = Release|Any CPU
		{C230C4FE-9F10-41BC-9EB3-8C67CD6A522D}.Release|Any CPU.Build.0 = Release|Any CPU
	EndGlobalSection
	GlobalSection(SolutionProperties) = preSolution
		HideSolutionNode = FALSE
	EndGlobalSection
	GlobalSection(ExtensibilityGlobals) = postSolution
		SolutionGuid = {77E06159-C05B-4A4A-9B2B-D6C5A1FFA91C}
	EndGlobalSection
EndGlobal
